// !$*UTF8*$!
{
	archiveVersion = 1;
	classes = {
	};
	objectVersion = 56;
	objects = {

/* Begin PBXBuildFile section */
		44314D482B8A91DF00BC4914 /* main.swift in Sources */ = {isa = PBXBuildFile; fileRef = 44314D472B8A91DF00BC4914 /* main.swift */; };
		44314D4F2B8A92AC00BC4914 /* Controller.swift in Sources */ = {isa = PBXBuildFile; fileRef = 44314D4E2B8A92AC00BC4914 /* Controller.swift */; };
		44314D522B8A93D100BC4914 /* Serial.m in Sources */ = {isa = PBXBuildFile; fileRef = 44314D512B8A93D100BC4914 /* Serial.m */; };
		44314D552B8A99AE00BC4914 /* Collector.swift in Sources */ = {isa = PBXBuildFile; fileRef = 44314D542B8A99AE00BC4914 /* Collector.swift */; };
		44314D582B8A99EF00BC4914 /* IOKItHelper.m in Sources */ = {isa = PBXBuildFile; fileRef = 44314D562B8A99EF00BC4914 /* IOKItHelper.m */; };
		44E1B3172B93B88400B3A50B /* Transfer.swift in Sources */ = {isa = PBXBuildFile; fileRef = 44E1B3162B93B88400B3A50B /* Transfer.swift */; };
		44E1B3192B93BA2500B3A50B /* Debug.swift in Sources */ = {isa = PBXBuildFile; fileRef = 44E1B3182B93BA2500B3A50B /* Debug.swift */; };
/* End PBXBuildFile section */

/* Begin PBXCopyFilesBuildPhase section */
		44314D422B8A91DF00BC4914 /* CopyFiles */ = {
			isa = PBXCopyFilesBuildPhase;
			buildActionMask = 2147483647;
			dstPath = /usr/share/man/man1/;
			dstSubfolderSpec = 0;
			files = (
			);
			runOnlyForDeploymentPostprocessing = 1;
		};
/* End PBXCopyFilesBuildPhase section */

/* Begin PBXFileReference section */
		44314D442B8A91DF00BC4914 /* ipulsed */ = {isa = PBXFileReference; explicitFileType = "compiled.mach-o.executable"; includeInIndex = 0; path = ipulsed; sourceTree = BUILT_PRODUCTS_DIR; };
		44314D472B8A91DF00BC4914 /* main.swift */ = {isa = PBXFileReference; lastKnownFileType = sourcecode.swift; path = main.swift; sourceTree = "<group>"; };
		44314D4E2B8A92AC00BC4914 /* Controller.swift */ = {isa = PBXFileReference; lastKnownFileType = sourcecode.swift; path = Controller.swift; sourceTree = "<group>"; };
		44314D502B8A93D100BC4914 /* iPulseCommandLine-Bridging-Header.h */ = {isa = PBXFileReference; lastKnownFileType = sourcecode.c.h; path = "iPulseCommandLine-Bridging-Header.h"; sourceTree = "<group>"; };
		44314D512B8A93D100BC4914 /* Serial.m */ = {isa = PBXFileReference; lastKnownFileType = sourcecode.c.objc; path = Serial.m; sourceTree = "<group>"; };
		44314D532B8A947E00BC4914 /* Serial.h */ = {isa = PBXFileReference; lastKnownFileType = sourcecode.c.h; path = Serial.h; sourceTree = "<group>"; };
		44314D542B8A99AE00BC4914 /* Collector.swift */ = {isa = PBXFileReference; fileEncoding = 4; lastKnownFileType = sourcecode.swift; path = Collector.swift; sourceTree = "<group>"; };
		44314D562B8A99EF00BC4914 /* IOKItHelper.m */ = {isa = PBXFileReference; fileEncoding = 4; lastKnownFileType = sourcecode.c.objc; path = IOKItHelper.m; sourceTree = "<group>"; };
		44314D572B8A99EF00BC4914 /* IOKitHelper.h */ = {isa = PBXFileReference; fileEncoding = 4; lastKnownFileType = sourcecode.c.h; path = IOKitHelper.h; sourceTree = "<group>"; };
		44E1B3162B93B88400B3A50B /* Transfer.swift */ = {isa = PBXFileReference; lastKnownFileType = sourcecode.swift; path = Transfer.swift; sourceTree = "<group>"; };
		44E1B3182B93BA2500B3A50B /* Debug.swift */ = {isa = PBXFileReference; fileEncoding = 4; lastKnownFileType = sourcecode.swift; path = Debug.swift; sourceTree = "<group>"; };
/* End PBXFileReference section */

/* Begin PBXFrameworksBuildPhase section */
		44314D412B8A91DF00BC4914 /* Frameworks */ = {
			isa = PBXFrameworksBuildPhase;
			buildActionMask = 2147483647;
			files = (
			);
			runOnlyForDeploymentPostprocessing = 0;
		};
/* End PBXFrameworksBuildPhase section */

/* Begin PBXGroup section */
		44314D3B2B8A91DF00BC4914 = {
			isa = PBXGroup;
			children = (
				44314D462B8A91DF00BC4914 /* iPulseCommandLine */,
				44314D452B8A91DF00BC4914 /* Products */,
			);
			sourceTree = "<group>";
		};
		44314D452B8A91DF00BC4914 /* Products */ = {
			isa = PBXGroup;
			children = (
				44314D442B8A91DF00BC4914 /* ipulsed */,
			);
			name = Products;
			sourceTree = "<group>";
		};
		44314D462B8A91DF00BC4914 /* iPulseCommandLine */ = {
			isa = PBXGroup;
			children = (
				44314D472B8A91DF00BC4914 /* main.swift */,
				44314D4E2B8A92AC00BC4914 /* Controller.swift */,
				44E1B3162B93B88400B3A50B /* Transfer.swift */,
				44314D542B8A99AE00BC4914 /* Collector.swift */,
				44314D532B8A947E00BC4914 /* Serial.h */,
				44314D512B8A93D100BC4914 /* Serial.m */,
				44314D572B8A99EF00BC4914 /* IOKitHelper.h */,
				44314D562B8A99EF00BC4914 /* IOKItHelper.m */,
				44E1B3182B93BA2500B3A50B /* Debug.swift */,
				44314D502B8A93D100BC4914 /* iPulseCommandLine-Bridging-Header.h */,
			);
			path = iPulseCommandLine;
			sourceTree = "<group>";
		};
/* End PBXGroup section */

/* Begin PBXNativeTarget section */
		44314D432B8A91DF00BC4914 /* ipulsed */ = {
			isa = PBXNativeTarget;
			buildConfigurationList = 44314D4B2B8A91DF00BC4914 /* Build configuration list for PBXNativeTarget "ipulsed" */;
			buildPhases = (
				44314D402B8A91DF00BC4914 /* Sources */,
				44314D412B8A91DF00BC4914 /* Frameworks */,
				44314D422B8A91DF00BC4914 /* CopyFiles */,
			);
			buildRules = (
			);
			dependencies = (
			);
			name = ipulsed;
			productName = iPulseCommandLine;
			productReference = 44314D442B8A91DF00BC4914 /* ipulsed */;
			productType = "com.apple.product-type.tool";
		};
/* End PBXNativeTarget section */

/* Begin PBXProject section */
		44314D3C2B8A91DF00BC4914 /* Project object */ = {
			isa = PBXProject;
			attributes = {
				BuildIndependentTargetsInParallel = 1;
				LastSwiftUpdateCheck = 1510;
				LastUpgradeCheck = 1510;
				TargetAttributes = {
					44314D432B8A91DF00BC4914 = {
						CreatedOnToolsVersion = 15.1;
						LastSwiftMigration = 1510;
					};
				};
			};
			buildConfigurationList = 44314D3F2B8A91DF00BC4914 /* Build configuration list for PBXProject "iPulseCommandLine" */;
			compatibilityVersion = "Xcode 14.0";
			developmentRegion = en;
			hasScannedForEncodings = 0;
			knownRegions = (
				en,
				Base,
			);
			mainGroup = 44314D3B2B8A91DF00BC4914;
			productRefGroup = 44314D452B8A91DF00BC4914 /* Products */;
			projectDirPath = "";
			projectRoot = "";
			targets = (
				44314D432B8A91DF00BC4914 /* ipulsed */,
			);
		};
/* End PBXProject section */

/* Begin PBXSourcesBuildPhase section */
		44314D402B8A91DF00BC4914 /* Sources */ = {
			isa = PBXSourcesBuildPhase;
			buildActionMask = 2147483647;
			files = (
				44314D522B8A93D100BC4914 /* Serial.m in Sources */,
				44314D552B8A99AE00BC4914 /* Collector.swift in Sources */,
				44314D482B8A91DF00BC4914 /* main.swift in Sources */,
				44314D4F2B8A92AC00BC4914 /* Controller.swift in Sources */,
				44E1B3172B93B88400B3A50B /* Transfer.swift in Sources */,
				44E1B3192B93BA2500B3A50B /* Debug.swift in Sources */,
				44314D582B8A99EF00BC4914 /* IOKItHelper.m in Sources */,
			);
			runOnlyForDeploymentPostprocessing = 0;
		};
/* End PBXSourcesBuildPhase section */

/* Begin XCBuildConfiguration section */
		44314D492B8A91DF00BC4914 /* Debug */ = {
			isa = XCBuildConfiguration;
			buildSettings = {
				ALWAYS_SEARCH_USER_PATHS = NO;
				ASSETCATALOG_COMPILER_GENERATE_SWIFT_ASSET_SYMBOL_EXTENSIONS = YES;
				CLANG_ANALYZER_NONNULL = YES;
				CLANG_ANALYZER_NUMBER_OBJECT_CONVERSION = YES_AGGRESSIVE;
				CLANG_CXX_LANGUAGE_STANDARD = "gnu++20";
				CLANG_ENABLE_MODULES = YES;
				CLANG_ENABLE_OBJC_ARC = YES;
				CLANG_ENABLE_OBJC_WEAK = YES;
				CLANG_WARN_BLOCK_CAPTURE_AUTORELEASING = YES;
				CLANG_WARN_BOOL_CONVERSION = YES;
				CLANG_WARN_COMMA = YES;
				CLANG_WARN_CONSTANT_CONVERSION = YES;
				CLANG_WARN_DEPRECATED_OBJC_IMPLEMENTATIONS = YES;
				CLANG_WARN_DIRECT_OBJC_ISA_USAGE = YES_ERROR;
				CLANG_WARN_DOCUMENTATION_COMMENTS = YES;
				CLANG_WARN_EMPTY_BODY = YES;
				CLANG_WARN_ENUM_CONVERSION = YES;
				CLANG_WARN_INFINITE_RECURSION = YES;
				CLANG_WARN_INT_CONVERSION = YES;
				CLANG_WARN_NON_LITERAL_NULL_CONVERSION = YES;
				CLANG_WARN_OBJC_IMPLICIT_RETAIN_SELF = YES;
				CLANG_WARN_OBJC_LITERAL_CONVERSION = YES;
				CLANG_WARN_OBJC_ROOT_CLASS = YES_ERROR;
				CLANG_WARN_QUOTED_INCLUDE_IN_FRAMEWORK_HEADER = YES;
				CLANG_WARN_RANGE_LOOP_ANALYSIS = YES;
				CLANG_WARN_STRICT_PROTOTYPES = YES;
				CLANG_WARN_SUSPICIOUS_MOVE = YES;
				CLANG_WARN_UNGUARDED_AVAILABILITY = YES_AGGRESSIVE;
				CLANG_WARN_UNREACHABLE_CODE = YES;
				CLANG_WARN__DUPLICATE_METHOD_MATCH = YES;
				COPY_PHASE_STRIP = NO;
				DEBUG_INFORMATION_FORMAT = dwarf;
				ENABLE_STRICT_OBJC_MSGSEND = YES;
				ENABLE_TESTABILITY = YES;
				ENABLE_USER_SCRIPT_SANDBOXING = YES;
				GCC_C_LANGUAGE_STANDARD = gnu17;
				GCC_DYNAMIC_NO_PIC = NO;
				GCC_NO_COMMON_BLOCKS = YES;
				GCC_OPTIMIZATION_LEVEL = 0;
				GCC_PREPROCESSOR_DEFINITIONS = (
					"DEBUG=1",
					"$(inherited)",
				);
				GCC_WARN_64_TO_32_BIT_CONVERSION = YES;
				GCC_WARN_ABOUT_RETURN_TYPE = YES_ERROR;
				GCC_WARN_UNDECLARED_SELECTOR = YES;
				GCC_WARN_UNINITIALIZED_AUTOS = YES_AGGRESSIVE;
				GCC_WARN_UNUSED_FUNCTION = YES;
				GCC_WARN_UNUSED_VARIABLE = YES;
				LOCALIZATION_PREFERS_STRING_CATALOGS = YES;
				MACOSX_DEPLOYMENT_TARGET = 13.6;
				MTL_ENABLE_DEBUG_INFO = INCLUDE_SOURCE;
				MTL_FAST_MATH = YES;
				ONLY_ACTIVE_ARCH = YES;
				SDKROOT = macosx;
				SWIFT_ACTIVE_COMPILATION_CONDITIONS = "DEBUG $(inherited)";
				SWIFT_OPTIMIZATION_LEVEL = "-Onone";
			};
			name = Debug;
		};
		44314D4A2B8A91DF00BC4914 /* Release */ = {
			isa = XCBuildConfiguration;
			buildSettings = {
				ALWAYS_SEARCH_USER_PATHS = NO;
				ASSETCATALOG_COMPILER_GENERATE_SWIFT_ASSET_SYMBOL_EXTENSIONS = YES;
				CLANG_ANALYZER_NONNULL = YES;
				CLANG_ANALYZER_NUMBER_OBJECT_CONVERSION = YES_AGGRESSIVE;
				CLANG_CXX_LANGUAGE_STANDARD = "gnu++20";
				CLANG_ENABLE_MODULES = YES;
				CLANG_ENABLE_OBJC_ARC = YES;
				CLANG_ENABLE_OBJC_WEAK = YES;
				CLANG_WARN_BLOCK_CAPTURE_AUTORELEASING = YES;
				CLANG_WARN_BOOL_CONVERSION = YES;
				CLANG_WARN_COMMA = YES;
				CLANG_WARN_CONSTANT_CONVERSION = YES;
				CLANG_WARN_DEPRECATED_OBJC_IMPLEMENTATIONS = YES;
				CLANG_WARN_DIRECT_OBJC_ISA_USAGE = YES_ERROR;
				CLANG_WARN_DOCUMENTATION_COMMENTS = YES;
				CLANG_WARN_EMPTY_BODY = YES;
				CLANG_WARN_ENUM_CONVERSION = YES;
				CLANG_WARN_INFINITE_RECURSION = YES;
				CLANG_WARN_INT_CONVERSION = YES;
				CLANG_WARN_NON_LITERAL_NULL_CONVERSION = YES;
				CLANG_WARN_OBJC_IMPLICIT_RETAIN_SELF = YES;
				CLANG_WARN_OBJC_LITERAL_CONVERSION = YES;
				CLANG_WARN_OBJC_ROOT_CLASS = YES_ERROR;
				CLANG_WARN_QUOTED_INCLUDE_IN_FRAMEWORK_HEADER = YES;
				CLANG_WARN_RANGE_LOOP_ANALYSIS = YES;
				CLANG_WARN_STRICT_PROTOTYPES = YES;
				CLANG_WARN_SUSPICIOUS_MOVE = YES;
				CLANG_WARN_UNGUARDED_AVAILABILITY = YES_AGGRESSIVE;
				CLANG_WARN_UNREACHABLE_CODE = YES;
				CLANG_WARN__DUPLICATE_METHOD_MATCH = YES;
				COPY_PHASE_STRIP = NO;
				DEBUG_INFORMATION_FORMAT = "dwarf-with-dsym";
				ENABLE_NS_ASSERTIONS = NO;
				ENABLE_STRICT_OBJC_MSGSEND = YES;
				ENABLE_USER_SCRIPT_SANDBOXING = YES;
				GCC_C_LANGUAGE_STANDARD = gnu17;
				GCC_NO_COMMON_BLOCKS = YES;
				GCC_WARN_64_TO_32_BIT_CONVERSION = YES;
				GCC_WARN_ABOUT_RETURN_TYPE = YES_ERROR;
				GCC_WARN_UNDECLARED_SELECTOR = YES;
				GCC_WARN_UNINITIALIZED_AUTOS = YES_AGGRESSIVE;
				GCC_WARN_UNUSED_FUNCTION = YES;
				GCC_WARN_UNUSED_VARIABLE = YES;
				LOCALIZATION_PREFERS_STRING_CATALOGS = YES;
				MACOSX_DEPLOYMENT_TARGET = 13.6;
				MTL_ENABLE_DEBUG_INFO = NO;
				MTL_FAST_MATH = YES;
				SDKROOT = macosx;
				SWIFT_COMPILATION_MODE = wholemodule;
			};
			name = Release;
		};
		44314D4C2B8A91DF00BC4914 /* Debug */ = {
			isa = XCBuildConfiguration;
			buildSettings = {
				CLANG_ENABLE_MODULES = YES;
				CODE_SIGN_IDENTITY = "Apple Development";
				"CODE_SIGN_IDENTITY[sdk=macosx*]" = "Developer ID Application";
				CODE_SIGN_STYLE = Manual;
				DEVELOPMENT_TEAM = "";
				"DEVELOPMENT_TEAM[sdk=macosx*]" = RYQWBTQRPT;
				ENABLE_HARDENED_RUNTIME = YES;
				MACOSX_DEPLOYMENT_TARGET = 12.0;
				PRODUCT_BUNDLE_IDENTIFIER = com.iconfactory.iPulseCommandLine;
				PRODUCT_NAME = "$(TARGET_NAME)";
				PROVISIONING_PROFILE_SPECIFIER = "";
				SWIFT_OBJC_BRIDGING_HEADER = "iPulseCommandLine/iPulseCommandLine-Bridging-Header.h";
				SWIFT_OPTIMIZATION_LEVEL = "-Onone";
				SWIFT_VERSION = 5.0;
			};
			name = Debug;
		};
		44314D4D2B8A91DF00BC4914 /* Release */ = {
			isa = XCBuildConfiguration;
			buildSettings = {
				CLANG_ENABLE_MODULES = YES;
				CODE_SIGN_IDENTITY = "Apple Development";
				"CODE_SIGN_IDENTITY[sdk=macosx*]" = "Developer ID Application";
				CODE_SIGN_STYLE = Manual;
				DEVELOPMENT_TEAM = "";
				"DEVELOPMENT_TEAM[sdk=macosx*]" = RYQWBTQRPT;
				ENABLE_HARDENED_RUNTIME = YES;
				MACOSX_DEPLOYMENT_TARGET = 12.0;
				PRODUCT_BUNDLE_IDENTIFIER = com.iconfactory.iPulseCommandLine;
				PRODUCT_NAME = "$(TARGET_NAME)";
				PROVISIONING_PROFILE_SPECIFIER = "";
				SWIFT_OBJC_BRIDGING_HEADER = "iPulseCommandLine/iPulseCommandLine-Bridging-Header.h";
				SWIFT_VERSION = 5.0;
			};
			name = Release;
		};
/* End XCBuildConfiguration section */

/* Begin XCConfigurationList section */
		44314D3F2B8A91DF00BC4914 /* Build configuration list for PBXProject "iPulseCommandLine" */ = {
			isa = XCConfigurationList;
			buildConfigurations = (
				44314D492B8A91DF00BC4914 /* Debug */,
				44314D4A2B8A91DF00BC4914 /* Release */,
			);
			defaultConfigurationIsVisible = 0;
			defaultConfigurationName = Release;
		};
		44314D4B2B8A91DF00BC4914 /* Build configuration list for PBXNativeTarget "ipulsed" */ = {
			isa = XCConfigurationList;
			buildConfigurations = (
				44314D4C2B8A91DF00BC4914 /* Debug */,
				44314D4D2B8A91DF00BC4914 /* Release */,
			);
			defaultConfigurationIsVisible = 0;
			defaultConfigurationName = Release;
		};
/* End XCConfigurationList section */
	};
	rootObject = 44314D3C2B8A91DF00BC4914 /* Project object */;
}
